
Microsoft Visual Studio Solution File, Format Version 12.00
# Visual Studio Version 17
VisualStudioVersion = 17.8.34330.188
MinimumVisualStudioVersion = 10.0.40219.1
Project("{FAE04EC0-301F-11D3-BF4B-00C04F79EFBC}") = "DependencyInversion", "DependencyInversion\DependencyInversion.csproj", "{3133A327-BF27-484C-AABD-7CBE99B0CD84}"
EndProject
Project("{FAE04EC0-301F-11D3-BF4B-00C04F79EFBC}") = "SingleResponsibility", "SingleResponsibility\SingleResponsibility.csproj", "{1EFA40D0-25A6-4E46-8C7D-85DFBF87000A}"
EndProject
Project("{FAE04EC0-301F-11D3-BF4B-00C04F79EFBC}") = "OpenClosedPrinciple", "OpenClosePrinciple\OpenClosedPrinciple.csproj", "{279F5516-3546-4B40-BE17-67A1C76828A7}"
EndProject
Project("{FAE04EC0-301F-11D3-BF4B-00C04F79EFBC}") = "LiskovSubstitutionPrinciple", "LiskovSubstitutionPrinciple\LiskovSubstitutionPrinciple.csproj", "{DDB584E0-9109-4A06-B235-A0BAAF8EE65A}"
EndProject
Project("{FAE04EC0-301F-11D3-BF4B-00C04F79EFBC}") = "InterfaceSegregationPrinciple", "InterfaceSegregationPrinciple\InterfaceSegregationPrinciple.csproj", "{FD1A1197-ABEF-4632-A464-5E0A3B44C17D}"
EndProject
Global
	GlobalSection(SolutionConfigurationPlatforms) = preSolution
		Debug|Any CPU = Debug|Any CPU
		Release|Any CPU = Release|Any CPU
	EndGlobalSection
	GlobalSection(ProjectConfigurationPlatforms) = postSolution
		{3133A327-BF27-484C-AABD-7CBE99B0CD84}.Debug|Any CPU.ActiveCfg = Debug|Any CPU
		{3133A327-BF27-484C-AABD-7CBE99B0CD84}.Debug|Any CPU.Build.0 = Debug|Any CPU
		{3133A327-BF27-484C-AABD-7CBE99B0CD84}.Release|Any CPU.ActiveCfg = Release|Any CPU
		{3133A327-BF27-484C-AABD-7CBE99B0CD84}.Release|Any CPU.Build.0 = Release|Any CPU
		{1EFA40D0-25A6-4E46-8C7D-85DFBF87000A}.Debug|Any CPU.ActiveCfg = Debug|Any CPU
		{1EFA40D0-25A6-4E46-8C7D-85DFBF87000A}.Debug|Any CPU.Build.0 = Debug|Any CPU
		{1EFA40D0-25A6-4E46-8C7D-85DFBF87000A}.Release|Any CPU.ActiveCfg = Release|Any CPU
		{1EFA40D0-25A6-4E46-8C7D-85DFBF87000A}.Release|Any CPU.Build.0 = Release|Any CPU
		{279F5516-3546-4B40-BE17-67A1C76828A7}.Debug|Any CPU.ActiveCfg = Debug|Any CPU
		{279F5516-3546-4B40-BE17-67A1C76828A7}.Debug|Any CPU.Build.0 = Debug|Any CPU
		{279F5516-3546-4B40-BE17-67A1C76828A7}.Release|Any CPU.ActiveCfg = Release|Any CPU
		{279F5516-3546-4B40-BE17-67A1C76828A7}.Release|Any CPU.Build.0 = Release|Any CPU
		{DDB584E0-9109-4A06-B235-A0BAAF8EE65A}.Debug|Any CPU.ActiveCfg = Debug|Any CPU
		{DDB584E0-9109-4A06-B235-A0BAAF8EE65A}.Debug|Any CPU.Build.0 = Debug|Any CPU
		{DDB584E0-9109-4A06-B235-A0BAAF8EE65A}.Release|Any CPU.ActiveCfg = Release|Any CPU
		{DDB584E0-9109-4A06-B235-A0BAAF8EE65A}.Release|Any CPU.Build.0 = Release|Any CPU
		{FD1A1197-ABEF-4632-A464-5E0A3B44C17D}.Debug|Any CPU.ActiveCfg = Debug|Any CPU
		{FD1A1197-ABEF-4632-A464-5E0A3B44C17D}.Debug|Any CPU.Build.0 = Debug|Any CPU
		{FD1A1197-ABEF-4632-A464-5E0A3B44C17D}.Release|Any CPU.ActiveCfg = Release|Any CPU
		{FD1A1197-ABEF-4632-A464-5E0A3B44C17D}.Release|Any CPU.Build.0 = Release|Any CPU
	EndGlobalSection
	GlobalSection(SolutionProperties) = preSolution
		HideSolutionNode = FALSE
	EndGlobalSection
	GlobalSection(ExtensibilityGlobals) = postSolution
		SolutionGuid = {D28AB99F-0091-442D-AD9B-2D5A3ACB2605}
	EndGlobalSection
EndGlobal
